
Microsoft Visual Studio Solution File, Format Version 12.00
# Visual Studio Version 16
VisualStudioVersion = 16.0.30907.101
MinimumVisualStudioVersion = 10.0.40219.1
Project("{FAE04EC0-301F-11D3-BF4B-00C04F79EFBC}") = "Week6Course", "Week6Course.csproj", "{0AB343FD-D40A-467A-9D3D-B24DE785D3CB}"
EndProject
Global
	GlobalSection(SolutionConfigurationPlatforms) = preSolution
		Debug|Any CPU = Debug|Any CPU
		Release|Any CPU = Release|Any CPU
	EndGlobalSection
	GlobalSection(ProjectConfigurationPlatforms) = postSolution
		{0AB343FD-D40A-467A-9D3D-B24DE785D3CB}.Debug|Any CPU.ActiveCfg = Debug|Any CPU
		{0AB343FD-D40A-467A-9D3D-B24DE785D3CB}.Debug|Any CPU.Build.0 = Debug|Any CPU
		{0AB343FD-D40A-467A-9D3D-B24DE785D3CB}.Release|Any CPU.ActiveCfg = Release|Any CPU
		{0AB343FD-D40A-467A-9D3D-B24DE785D3CB}.Release|Any CPU.Build.0 = Release|Any CPU
	EndGlobalSection
	GlobalSection(SolutionProperties) = preSolution
		HideSolutionNode = FALSE
	EndGlobalSection
	GlobalSection(ExtensibilityGlobals) = postSolution
		SolutionGuid = {1C595138-0CE4-43A1-B70C-ADBAF9F85E43}
	EndGlobalSection
EndGlobal
